
Microsoft Visual Studio Solution File, Format Version 12.00
# Visual Studio Version 17
VisualStudioVersion = 17.0.31903.59
MinimumVisualStudioVersion = 10.0.40219.1
Project("{2150E333-8FDC-42A3-9474-1A3956D46DE8}") = "src", "src", "{2DEBA9E5-2F85-4D72-AD67-8D6BEA767017}"
EndProject
Project("{FAE04EC0-301F-11D3-BF4B-00C04F79EFBC}") = "ArchiveTUI.Domain", "src\ArchiveTUI.Domain\ArchiveTUI.Domain.csproj", "{D46EC9E8-3B88-4D54-8111-B0022A9341F2}"
EndProject
Project("{FAE04EC0-301F-11D3-BF4B-00C04F79EFBC}") = "ArchiveTUI.Application", "src\ArchiveTUI.Application\ArchiveTUI.Application.csproj", "{BDCFAC12-036D-4F89-A8CD-CDA0F6A54178}"
EndProject
Project("{FAE04EC0-301F-11D3-BF4B-00C04F79EFBC}") = "ArchiveTUI.Infrastructure", "src\ArchiveTUI.Infrastructure\ArchiveTUI.Infrastructure.csproj", "{A7E2F607-B98E-4E5E-9B65-BCD3040EB249}"
EndProject
Project("{FAE04EC0-301F-11D3-BF4B-00C04F79EFBC}") = "ArchiveTUI.Cli", "src\ArchiveTUI.Cli\ArchiveTUI.Cli.csproj", "{D8A1446B-43A4-45AD-8E7B-BB4E3D869166}"
EndProject
Project("{2150E333-8FDC-42A3-9474-1A3956D46DE8}") = "tests", "tests", "{3F29106C-F5D1-49B0-881E-18201981033B}"
EndProject
Project("{FAE04EC0-301F-11D3-BF4B-00C04F79EFBC}") = "ArchiveTUI.Application.Tests", "tests\ArchiveTUI.Application.Tests\ArchiveTUI.Application.Tests.csproj", "{1595726C-9CAD-4391-B06C-F5BE278D714A}"
EndProject
Global
	GlobalSection(SolutionConfigurationPlatforms) = preSolution
		Debug|Any CPU = Debug|Any CPU
		Release|Any CPU = Release|Any CPU
	EndGlobalSection
	GlobalSection(SolutionProperties) = preSolution
		HideSolutionNode = FALSE
	EndGlobalSection
	GlobalSection(ProjectConfigurationPlatforms) = postSolution
		{D46EC9E8-3B88-4D54-8111-B0022A9341F2}.Debug|Any CPU.ActiveCfg = Debug|Any CPU
		{D46EC9E8-3B88-4D54-8111-B0022A9341F2}.Debug|Any CPU.Build.0 = Debug|Any CPU
		{D46EC9E8-3B88-4D54-8111-B0022A9341F2}.Release|Any CPU.ActiveCfg = Release|Any CPU
		{D46EC9E8-3B88-4D54-8111-B0022A9341F2}.Release|Any CPU.Build.0 = Release|Any CPU
		{BDCFAC12-036D-4F89-A8CD-CDA0F6A54178}.Debug|Any CPU.ActiveCfg = Debug|Any CPU
		{BDCFAC12-036D-4F89-A8CD-CDA0F6A54178}.Debug|Any CPU.Build.0 = Debug|Any CPU
		{BDCFAC12-036D-4F89-A8CD-CDA0F6A54178}.Release|Any CPU.ActiveCfg = Release|Any CPU
		{BDCFAC12-036D-4F89-A8CD-CDA0F6A54178}.Release|Any CPU.Build.0 = Release|Any CPU
		{A7E2F607-B98E-4E5E-9B65-BCD3040EB249}.Debug|Any CPU.ActiveCfg = Debug|Any CPU
		{A7E2F607-B98E-4E5E-9B65-BCD3040EB249}.Debug|Any CPU.Build.0 = Debug|Any CPU
		{A7E2F607-B98E-4E5E-9B65-BCD3040EB249}.Release|Any CPU.ActiveCfg = Release|Any CPU
		{A7E2F607-B98E-4E5E-9B65-BCD3040EB249}.Release|Any CPU.Build.0 = Release|Any CPU
		{D8A1446B-43A4-45AD-8E7B-BB4E3D869166}.Debug|Any CPU.ActiveCfg = Debug|Any CPU
		{D8A1446B-43A4-45AD-8E7B-BB4E3D869166}.Debug|Any CPU.Build.0 = Debug|Any CPU
		{D8A1446B-43A4-45AD-8E7B-BB4E3D869166}.Release|Any CPU.ActiveCfg = Release|Any CPU
		{D8A1446B-43A4-45AD-8E7B-BB4E3D869166}.Release|Any CPU.Build.0 = Release|Any CPU
		{1595726C-9CAD-4391-B06C-F5BE278D714A}.Debug|Any CPU.ActiveCfg = Debug|Any CPU
		{1595726C-9CAD-4391-B06C-F5BE278D714A}.Debug|Any CPU.Build.0 = Debug|Any CPU
		{1595726C-9CAD-4391-B06C-F5BE278D714A}.Release|Any CPU.ActiveCfg = Release|Any CPU
		{1595726C-9CAD-4391-B06C-F5BE278D714A}.Release|Any CPU.Build.0 = Release|Any CPU
	EndGlobalSection
	GlobalSection(NestedProjects) = preSolution
		{D46EC9E8-3B88-4D54-8111-B0022A9341F2} = {2DEBA9E5-2F85-4D72-AD67-8D6BEA767017}
		{BDCFAC12-036D-4F89-A8CD-CDA0F6A54178} = {2DEBA9E5-2F85-4D72-AD67-8D6BEA767017}
		{A7E2F607-B98E-4E5E-9B65-BCD3040EB249} = {2DEBA9E5-2F85-4D72-AD67-8D6BEA767017}
		{D8A1446B-43A4-45AD-8E7B-BB4E3D869166} = {2DEBA9E5-2F85-4D72-AD67-8D6BEA767017}
		{1595726C-9CAD-4391-B06C-F5BE278D714A} = {3F29106C-F5D1-49B0-881E-18201981033B}
	EndGlobalSection
EndGlobal
